
Microsoft Visual Studio Solution File, Format Version 12.00
# Visual Studio Version 17
VisualStudioVersion = 17.5.33627.172
MinimumVisualStudioVersion = 10.0.40219.1
Project("{9A19103F-16F7-4668-BE54-9A1E7A4F7556}") = "Domain.Core", "Domain.Core\Domain.Core.csproj", "{1C9E6299-DCFD-4144-A2CE-130AFF404FBE}"
EndProject
Project("{2150E333-8FDC-42A3-9474-1A3956D46DE8}") = "Solution Items", "Solution Items", "{2A1AEA37-BEE0-4030-8CCD-838311EAC27B}"
	ProjectSection(SolutionItems) = preProject
		.editorconfig = .editorconfig
	EndProjectSection
EndProject
Project("{9A19103F-16F7-4668-BE54-9A1E7A4F7556}") = "Domain.Core.Tests", "Domain.Core.Tests\Domain.Core.Tests.csproj", "{968D6BCA-971D-4BD3-9A00-F616E645EE76}"
EndProject
Global
	GlobalSection(SolutionConfigurationPlatforms) = preSolution
		Debug|Any CPU = Debug|Any CPU
		Release|Any CPU = Release|Any CPU
	EndGlobalSection
	GlobalSection(ProjectConfigurationPlatforms) = postSolution
		{1C9E6299-DCFD-4144-A2CE-130AFF404FBE}.Debug|Any CPU.ActiveCfg = Debug|Any CPU
		{1C9E6299-DCFD-4144-A2CE-130AFF404FBE}.Debug|Any CPU.Build.0 = Debug|Any CPU
		{1C9E6299-DCFD-4144-A2CE-130AFF404FBE}.Release|Any CPU.ActiveCfg = Release|Any CPU
		{1C9E6299-DCFD-4144-A2CE-130AFF404FBE}.Release|Any CPU.Build.0 = Release|Any CPU
		{968D6BCA-971D-4BD3-9A00-F616E645EE76}.Debug|Any CPU.ActiveCfg = Debug|Any CPU
		{968D6BCA-971D-4BD3-9A00-F616E645EE76}.Debug|Any CPU.Build.0 = Debug|Any CPU
		{968D6BCA-971D-4BD3-9A00-F616E645EE76}.Release|Any CPU.ActiveCfg = Release|Any CPU
		{968D6BCA-971D-4BD3-9A00-F616E645EE76}.Release|Any CPU.Build.0 = Release|Any CPU
	EndGlobalSection
	GlobalSection(SolutionProperties) = preSolution
		HideSolutionNode = FALSE
	EndGlobalSection
	GlobalSection(ExtensibilityGlobals) = postSolution
		SolutionGuid = {65D09527-D87E-4CE1-9137-4AD83EDF76F9}
	EndGlobalSection
EndGlobal
