
Microsoft Visual Studio Solution File, Format Version 12.00
Project("{FAE04EC0-301F-11D3-BF4B-00C04F79EFBC}") = "ApiGateway.WebApi", "ApiGateway.WebApi\ApiGateway.WebApi.csproj", "{2EB79520-DA81-41BB-9FFC-A9437A832334}"
EndProject
Project("{2150E333-8FDC-42A3-9474-1A3956D46DE8}") = "Application", "Application", "{F7778531-31B9-46A0-ACF8-1488E004743D}"
EndProject
Project("{2150E333-8FDC-42A3-9474-1A3956D46DE8}") = "Domain", "Domain", "{7DBFD55C-3BE1-463E-A497-C2BA57B4F018}"
EndProject
Project("{2150E333-8FDC-42A3-9474-1A3956D46DE8}") = "Infrastructure", "Infrastructure", "{11911061-AEFC-419A-A663-99185A4BEC3B}"
EndProject
Project("{2150E333-8FDC-42A3-9474-1A3956D46DE8}") = "Tests", "Tests", "{4E8A57F1-933B-493D-B877-C034515BC733}"
EndProject
Project("{FAE04EC0-301F-11D3-BF4B-00C04F79EFBC}") = "ApiGateway.Application", "ApiGateway.Application\ApiGateway.Application.csproj", "{2C6154B3-DFC6-4E26-8388-9E348E73292E}"
EndProject
Project("{FAE04EC0-301F-11D3-BF4B-00C04F79EFBC}") = "ApiGateway.Domain", "ApiGateway.Domain\ApiGateway.Domain.csproj", "{0A7B7114-2DB1-440E-9938-92BD64D476A2}"
EndProject
Project("{FAE04EC0-301F-11D3-BF4B-00C04F79EFBC}") = "ApiGateway.Infrastructure", "ApiGateway.Infrastructure\ApiGateway.Infrastructure.csproj", "{05750D80-C05E-4FF3-B0D1-D4752E5AB388}"
EndProject
Project("{FAE04EC0-301F-11D3-BF4B-00C04F79EFBC}") = "ApiGateway.Application.Tests", "ApiGateway.Application.Tests\ApiGateway.Application.Tests.csproj", "{ECF9C488-67C7-4677-92A4-103BC7826D11}"
EndProject
Project("{FAE04EC0-301F-11D3-BF4B-00C04F79EFBC}") = "ApiGateway.Domain.Tests", "ApiGateway.Domain.Tests\ApiGateway.Domain.Tests.csproj", "{28427719-BAD6-49DD-A924-5C28E36B147F}"
EndProject
Project("{FAE04EC0-301F-11D3-BF4B-00C04F79EFBC}") = "ApiGateway.Infrastructure.Tests", "ApiGateway.Infrastructure.Tests\ApiGateway.Infrastructure.Tests.csproj", "{0B1D3241-7ED3-4094-B4A4-1BEB0BA75428}"
EndProject
Project("{FAE04EC0-301F-11D3-BF4B-00C04F79EFBC}") = "ApiGateway.WebApi.Tests", "ApiGateway.WebApi.Tests\ApiGateway.WebApi.Tests.csproj", "{314B921C-DDAE-4159-9855-D047B113A50E}"
EndProject
Global
	GlobalSection(SolutionConfigurationPlatforms) = preSolution
		Debug|Any CPU = Debug|Any CPU
		Release|Any CPU = Release|Any CPU
	EndGlobalSection
	GlobalSection(ProjectConfigurationPlatforms) = postSolution
		{2EB79520-DA81-41BB-9FFC-A9437A832334}.Debug|Any CPU.ActiveCfg = Debug|Any CPU
		{2EB79520-DA81-41BB-9FFC-A9437A832334}.Debug|Any CPU.Build.0 = Debug|Any CPU
		{2EB79520-DA81-41BB-9FFC-A9437A832334}.Release|Any CPU.ActiveCfg = Release|Any CPU
		{2EB79520-DA81-41BB-9FFC-A9437A832334}.Release|Any CPU.Build.0 = Release|Any CPU
		{2C6154B3-DFC6-4E26-8388-9E348E73292E}.Debug|Any CPU.ActiveCfg = Debug|Any CPU
		{2C6154B3-DFC6-4E26-8388-9E348E73292E}.Debug|Any CPU.Build.0 = Debug|Any CPU
		{2C6154B3-DFC6-4E26-8388-9E348E73292E}.Release|Any CPU.ActiveCfg = Release|Any CPU
		{2C6154B3-DFC6-4E26-8388-9E348E73292E}.Release|Any CPU.Build.0 = Release|Any CPU
		{0A7B7114-2DB1-440E-9938-92BD64D476A2}.Debug|Any CPU.ActiveCfg = Debug|Any CPU
		{0A7B7114-2DB1-440E-9938-92BD64D476A2}.Debug|Any CPU.Build.0 = Debug|Any CPU
		{0A7B7114-2DB1-440E-9938-92BD64D476A2}.Release|Any CPU.ActiveCfg = Release|Any CPU
		{0A7B7114-2DB1-440E-9938-92BD64D476A2}.Release|Any CPU.Build.0 = Release|Any CPU
		{05750D80-C05E-4FF3-B0D1-D4752E5AB388}.Debug|Any CPU.ActiveCfg = Debug|Any CPU
		{05750D80-C05E-4FF3-B0D1-D4752E5AB388}.Debug|Any CPU.Build.0 = Debug|Any CPU
		{05750D80-C05E-4FF3-B0D1-D4752E5AB388}.Release|Any CPU.ActiveCfg = Release|Any CPU
		{05750D80-C05E-4FF3-B0D1-D4752E5AB388}.Release|Any CPU.Build.0 = Release|Any CPU
		{ECF9C488-67C7-4677-92A4-103BC7826D11}.Debug|Any CPU.ActiveCfg = Debug|Any CPU
		{ECF9C488-67C7-4677-92A4-103BC7826D11}.Debug|Any CPU.Build.0 = Debug|Any CPU
		{ECF9C488-67C7-4677-92A4-103BC7826D11}.Release|Any CPU.ActiveCfg = Release|Any CPU
		{ECF9C488-67C7-4677-92A4-103BC7826D11}.Release|Any CPU.Build.0 = Release|Any CPU
		{28427719-BAD6-49DD-A924-5C28E36B147F}.Debug|Any CPU.ActiveCfg = Debug|Any CPU
		{28427719-BAD6-49DD-A924-5C28E36B147F}.Debug|Any CPU.Build.0 = Debug|Any CPU
		{28427719-BAD6-49DD-A924-5C28E36B147F}.Release|Any CPU.ActiveCfg = Release|Any CPU
		{28427719-BAD6-49DD-A924-5C28E36B147F}.Release|Any CPU.Build.0 = Release|Any CPU
		{0B1D3241-7ED3-4094-B4A4-1BEB0BA75428}.Debug|Any CPU.ActiveCfg = Debug|Any CPU
		{0B1D3241-7ED3-4094-B4A4-1BEB0BA75428}.Debug|Any CPU.Build.0 = Debug|Any CPU
		{0B1D3241-7ED3-4094-B4A4-1BEB0BA75428}.Release|Any CPU.ActiveCfg = Release|Any CPU
		{0B1D3241-7ED3-4094-B4A4-1BEB0BA75428}.Release|Any CPU.Build.0 = Release|Any CPU
		{314B921C-DDAE-4159-9855-D047B113A50E}.Debug|Any CPU.ActiveCfg = Debug|Any CPU
		{314B921C-DDAE-4159-9855-D047B113A50E}.Debug|Any CPU.Build.0 = Debug|Any CPU
		{314B921C-DDAE-4159-9855-D047B113A50E}.Release|Any CPU.ActiveCfg = Release|Any CPU
		{314B921C-DDAE-4159-9855-D047B113A50E}.Release|Any CPU.Build.0 = Release|Any CPU
	EndGlobalSection
	GlobalSection(NestedProjects) = preSolution
		{2C6154B3-DFC6-4E26-8388-9E348E73292E} = {F7778531-31B9-46A0-ACF8-1488E004743D}
		{0A7B7114-2DB1-440E-9938-92BD64D476A2} = {7DBFD55C-3BE1-463E-A497-C2BA57B4F018}
		{05750D80-C05E-4FF3-B0D1-D4752E5AB388} = {11911061-AEFC-419A-A663-99185A4BEC3B}
		{ECF9C488-67C7-4677-92A4-103BC7826D11} = {4E8A57F1-933B-493D-B877-C034515BC733}
		{28427719-BAD6-49DD-A924-5C28E36B147F} = {4E8A57F1-933B-493D-B877-C034515BC733}
		{0B1D3241-7ED3-4094-B4A4-1BEB0BA75428} = {4E8A57F1-933B-493D-B877-C034515BC733}
		{314B921C-DDAE-4159-9855-D047B113A50E} = {4E8A57F1-933B-493D-B877-C034515BC733}
	EndGlobalSection
EndGlobal
