
Microsoft Visual Studio Solution File, Format Version 12.00
Project("{FAE04EC0-301F-11D3-BF4B-00C04F79EFBC}") = "Order.WebApi", "Order.WebApi\Order.WebApi.csproj", "{BDE56869-01D1-4380-A239-2F59ED54E993}"
EndProject
Project("{2150E333-8FDC-42A3-9474-1A3956D46DE8}") = "Application", "Application", "{326D86D0-AF63-423A-B757-18F65AC553E8}"
EndProject
Project("{FAE04EC0-301F-11D3-BF4B-00C04F79EFBC}") = "Order.Application", "Order.Application\Order.Application.csproj", "{96B5671C-DBE6-41B5-93F6-4ADFCD84621C}"
EndProject
Project("{2150E333-8FDC-42A3-9474-1A3956D46DE8}") = "Domain", "Domain", "{F755CF70-47AE-4C02-8E7F-3A094646D822}"
EndProject
Project("{FAE04EC0-301F-11D3-BF4B-00C04F79EFBC}") = "Order.Domain", "Order.Domain\Order.Domain.csproj", "{E41F29DB-354E-4D08-8620-2BC2240DE703}"
EndProject
Project("{2150E333-8FDC-42A3-9474-1A3956D46DE8}") = "Infrastructure", "Infrastructure", "{03663675-BE38-49C9-AF03-7B4B18FC7261}"
EndProject
Project("{FAE04EC0-301F-11D3-BF4B-00C04F79EFBC}") = "Order.Infrastructure", "Order.Infrastructure\Order.Infrastructure.csproj", "{2823BF41-1DE4-4C7E-8E22-865DB2454E83}"
EndProject
Project("{2150E333-8FDC-42A3-9474-1A3956D46DE8}") = "Tests", "Tests", "{9EE894F7-FE18-4240-B7F3-7CD6A772420A}"
EndProject
Project("{FAE04EC0-301F-11D3-BF4B-00C04F79EFBC}") = "Order.WebApi.Tests", "Order.WebApi.Tests\Order.WebApi.Tests.csproj", "{38A2DC00-75E8-4037-9B55-0A567CD708F6}"
EndProject
Project("{FAE04EC0-301F-11D3-BF4B-00C04F79EFBC}") = "Order.Infrastructure.Tests", "Order.Infrastructure.Tests\Order.Infrastructure.Tests.csproj", "{CCBF89A7-BAFF-45B0-BB23-949F91E8760D}"
EndProject
Project("{FAE04EC0-301F-11D3-BF4B-00C04F79EFBC}") = "Order.Domain.Tests", "Order.Domain.Tests\Order.Domain.Tests.csproj", "{7FE05D7B-8711-42FA-9586-90490F64800D}"
EndProject
Project("{FAE04EC0-301F-11D3-BF4B-00C04F79EFBC}") = "Order.Application.Tests", "Order.Application.Tests\Order.Application.Tests.csproj", "{16A62BDC-D84F-437E-9C8A-3D0FF18801A0}"
EndProject
Global
	GlobalSection(SolutionConfigurationPlatforms) = preSolution
		Debug|Any CPU = Debug|Any CPU
		Release|Any CPU = Release|Any CPU
	EndGlobalSection
	GlobalSection(ProjectConfigurationPlatforms) = postSolution
		{BDE56869-01D1-4380-A239-2F59ED54E993}.Debug|Any CPU.ActiveCfg = Debug|Any CPU
		{BDE56869-01D1-4380-A239-2F59ED54E993}.Debug|Any CPU.Build.0 = Debug|Any CPU
		{BDE56869-01D1-4380-A239-2F59ED54E993}.Release|Any CPU.ActiveCfg = Release|Any CPU
		{BDE56869-01D1-4380-A239-2F59ED54E993}.Release|Any CPU.Build.0 = Release|Any CPU
		{96B5671C-DBE6-41B5-93F6-4ADFCD84621C}.Debug|Any CPU.ActiveCfg = Debug|Any CPU
		{96B5671C-DBE6-41B5-93F6-4ADFCD84621C}.Debug|Any CPU.Build.0 = Debug|Any CPU
		{96B5671C-DBE6-41B5-93F6-4ADFCD84621C}.Release|Any CPU.ActiveCfg = Release|Any CPU
		{96B5671C-DBE6-41B5-93F6-4ADFCD84621C}.Release|Any CPU.Build.0 = Release|Any CPU
		{E41F29DB-354E-4D08-8620-2BC2240DE703}.Debug|Any CPU.ActiveCfg = Debug|Any CPU
		{E41F29DB-354E-4D08-8620-2BC2240DE703}.Debug|Any CPU.Build.0 = Debug|Any CPU
		{E41F29DB-354E-4D08-8620-2BC2240DE703}.Release|Any CPU.ActiveCfg = Release|Any CPU
		{E41F29DB-354E-4D08-8620-2BC2240DE703}.Release|Any CPU.Build.0 = Release|Any CPU
		{2823BF41-1DE4-4C7E-8E22-865DB2454E83}.Debug|Any CPU.ActiveCfg = Debug|Any CPU
		{2823BF41-1DE4-4C7E-8E22-865DB2454E83}.Debug|Any CPU.Build.0 = Debug|Any CPU
		{2823BF41-1DE4-4C7E-8E22-865DB2454E83}.Release|Any CPU.ActiveCfg = Release|Any CPU
		{2823BF41-1DE4-4C7E-8E22-865DB2454E83}.Release|Any CPU.Build.0 = Release|Any CPU
		{38A2DC00-75E8-4037-9B55-0A567CD708F6}.Debug|Any CPU.ActiveCfg = Debug|Any CPU
		{38A2DC00-75E8-4037-9B55-0A567CD708F6}.Debug|Any CPU.Build.0 = Debug|Any CPU
		{38A2DC00-75E8-4037-9B55-0A567CD708F6}.Release|Any CPU.ActiveCfg = Release|Any CPU
		{38A2DC00-75E8-4037-9B55-0A567CD708F6}.Release|Any CPU.Build.0 = Release|Any CPU
		{CCBF89A7-BAFF-45B0-BB23-949F91E8760D}.Debug|Any CPU.ActiveCfg = Debug|Any CPU
		{CCBF89A7-BAFF-45B0-BB23-949F91E8760D}.Debug|Any CPU.Build.0 = Debug|Any CPU
		{CCBF89A7-BAFF-45B0-BB23-949F91E8760D}.Release|Any CPU.ActiveCfg = Release|Any CPU
		{CCBF89A7-BAFF-45B0-BB23-949F91E8760D}.Release|Any CPU.Build.0 = Release|Any CPU
		{7FE05D7B-8711-42FA-9586-90490F64800D}.Debug|Any CPU.ActiveCfg = Debug|Any CPU
		{7FE05D7B-8711-42FA-9586-90490F64800D}.Debug|Any CPU.Build.0 = Debug|Any CPU
		{7FE05D7B-8711-42FA-9586-90490F64800D}.Release|Any CPU.ActiveCfg = Release|Any CPU
		{7FE05D7B-8711-42FA-9586-90490F64800D}.Release|Any CPU.Build.0 = Release|Any CPU
		{16A62BDC-D84F-437E-9C8A-3D0FF18801A0}.Debug|Any CPU.ActiveCfg = Debug|Any CPU
		{16A62BDC-D84F-437E-9C8A-3D0FF18801A0}.Debug|Any CPU.Build.0 = Debug|Any CPU
		{16A62BDC-D84F-437E-9C8A-3D0FF18801A0}.Release|Any CPU.ActiveCfg = Release|Any CPU
		{16A62BDC-D84F-437E-9C8A-3D0FF18801A0}.Release|Any CPU.Build.0 = Release|Any CPU
	EndGlobalSection
	GlobalSection(NestedProjects) = preSolution
		{96B5671C-DBE6-41B5-93F6-4ADFCD84621C} = {326D86D0-AF63-423A-B757-18F65AC553E8}
		{E41F29DB-354E-4D08-8620-2BC2240DE703} = {F755CF70-47AE-4C02-8E7F-3A094646D822}
		{2823BF41-1DE4-4C7E-8E22-865DB2454E83} = {03663675-BE38-49C9-AF03-7B4B18FC7261}
		{38A2DC00-75E8-4037-9B55-0A567CD708F6} = {9EE894F7-FE18-4240-B7F3-7CD6A772420A}
		{CCBF89A7-BAFF-45B0-BB23-949F91E8760D} = {9EE894F7-FE18-4240-B7F3-7CD6A772420A}
		{7FE05D7B-8711-42FA-9586-90490F64800D} = {9EE894F7-FE18-4240-B7F3-7CD6A772420A}
		{16A62BDC-D84F-437E-9C8A-3D0FF18801A0} = {9EE894F7-FE18-4240-B7F3-7CD6A772420A}
	EndGlobalSection
EndGlobal
